
Microsoft Visual Studio Solution File, Format Version 12.00
# Visual Studio Version 16
VisualStudioVersion = 16.0.31702.278
MinimumVisualStudioVersion = 10.0.40219.1
Project("{FAE04EC0-301F-11D3-BF4B-00C04F79EFBC}") = "Wpf_lab7", "Wpf_lab7\Wpf_lab7.csproj", "{037599CB-85FF-49C4-9C99-625D3A214061}"
EndProject
Global
	GlobalSection(SolutionConfigurationPlatforms) = preSolution
		Debug|Any CPU = Debug|Any CPU
		Release|Any CPU = Release|Any CPU
	EndGlobalSection
	GlobalSection(ProjectConfigurationPlatforms) = postSolution
		{037599CB-85FF-49C4-9C99-625D3A214061}.Debug|Any CPU.ActiveCfg = Debug|Any CPU
		{037599CB-85FF-49C4-9C99-625D3A214061}.Debug|Any CPU.Build.0 = Debug|Any CPU
		{037599CB-85FF-49C4-9C99-625D3A214061}.Release|Any CPU.ActiveCfg = Release|Any CPU
		{037599CB-85FF-49C4-9C99-625D3A214061}.Release|Any CPU.Build.0 = Release|Any CPU
	EndGlobalSection
	GlobalSection(SolutionProperties) = preSolution
		HideSolutionNode = FALSE
	EndGlobalSection
	GlobalSection(ExtensibilityGlobals) = postSolution
		SolutionGuid = {3028AE34-8E55-4FF2-BF03-6C79BF848C20}
	EndGlobalSection
EndGlobal
